
Microsoft Visual Studio Solution File, Format Version 12.00
# Visual Studio Version 17
VisualStudioVersion = 17.8.34322.80
MinimumVisualStudioVersion = 10.0.40219.1
Project("{FAE04EC0-301F-11D3-BF4B-00C04F79EFBC}") = "ThemeManager.Cli", "ThemeManager.Cli\ThemeManager.Cli.csproj", "{A6466BAD-7C63-4CF2-BA5A-AAE2ED40CD89}"
EndProject
Global
	GlobalSection(SolutionConfigurationPlatforms) = preSolution
		Debug|Any CPU = Debug|Any CPU
		Release|Any CPU = Release|Any CPU
	EndGlobalSection
	GlobalSection(ProjectConfigurationPlatforms) = postSolution
		{A6466BAD-7C63-4CF2-BA5A-AAE2ED40CD89}.Debug|Any CPU.ActiveCfg = Debug|Any CPU
		{A6466BAD-7C63-4CF2-BA5A-AAE2ED40CD89}.Debug|Any CPU.Build.0 = Debug|Any CPU
		{A6466BAD-7C63-4CF2-BA5A-AAE2ED40CD89}.Release|Any CPU.ActiveCfg = Release|Any CPU
		{A6466BAD-7C63-4CF2-BA5A-AAE2ED40CD89}.Release|Any CPU.Build.0 = Release|Any CPU
	EndGlobalSection
	GlobalSection(SolutionProperties) = preSolution
		HideSolutionNode = FALSE
	EndGlobalSection
	GlobalSection(ExtensibilityGlobals) = postSolution
		SolutionGuid = {02C5FF8D-EEB2-4B0E-BA33-2DB076F4400B}
	EndGlobalSection
EndGlobal
